
Microsoft Visual Studio Solution File, Format Version 12.00
# Visual Studio Version 16
VisualStudioVersion = 16.0.31205.134
MinimumVisualStudioVersion = 10.0.40219.1
Project("{FAE04EC0-301F-11D3-BF4B-00C04F79EFBC}") = "Events", "Events.csproj", "{19974F9F-9199-41FC-A3E6-DA616689C9A0}"
EndProject
Global
	GlobalSection(SolutionConfigurationPlatforms) = preSolution
		Debug|Any CPU = Debug|Any CPU
		Release|Any CPU = Release|Any CPU
	EndGlobalSection
	GlobalSection(ProjectConfigurationPlatforms) = postSolution
		{19974F9F-9199-41FC-A3E6-DA616689C9A0}.Debug|Any CPU.ActiveCfg = Debug|Any CPU
		{19974F9F-9199-41FC-A3E6-DA616689C9A0}.Debug|Any CPU.Build.0 = Debug|Any CPU
		{19974F9F-9199-41FC-A3E6-DA616689C9A0}.Release|Any CPU.ActiveCfg = Release|Any CPU
		{19974F9F-9199-41FC-A3E6-DA616689C9A0}.Release|Any CPU.Build.0 = Release|Any CPU
	EndGlobalSection
	GlobalSection(SolutionProperties) = preSolution
		HideSolutionNode = FALSE
	EndGlobalSection
	GlobalSection(ExtensibilityGlobals) = postSolution
		SolutionGuid = {53A18BA7-02CE-4302-ADC5-BF61DFCD4A47}
	EndGlobalSection
EndGlobal
